
Microsoft Visual Studio Solution File, Format Version 12.00
# Visual Studio Version 16
VisualStudioVersion = 16.0.29009.5
MinimumVisualStudioVersion = 10.0.40219.1
Project("{9A19103F-16F7-4668-BE54-9A1E7A4F7556}") = "ALG_Developers", "Unittest\ALG_Developers.csproj", "{2E0215C6-1BA8-41FF-9797-AEB055D92063}"
EndProject
Project("{9A19103F-16F7-4668-BE54-9A1E7A4F7556}") = "ALG_Developers.UnitTests", "TestProject1\ALG_Developers.UnitTests.csproj", "{20BF048F-5A75-4060-99CB-50A804364943}"
EndProject
Global
	GlobalSection(SolutionConfigurationPlatforms) = preSolution
		Debug|Any CPU = Debug|Any CPU
		Release|Any CPU = Release|Any CPU
	EndGlobalSection
	GlobalSection(ProjectConfigurationPlatforms) = postSolution
		{2E0215C6-1BA8-41FF-9797-AEB055D92063}.Debug|Any CPU.ActiveCfg = Debug|Any CPU
		{2E0215C6-1BA8-41FF-9797-AEB055D92063}.Debug|Any CPU.Build.0 = Debug|Any CPU
		{2E0215C6-1BA8-41FF-9797-AEB055D92063}.Release|Any CPU.ActiveCfg = Release|Any CPU
		{2E0215C6-1BA8-41FF-9797-AEB055D92063}.Release|Any CPU.Build.0 = Release|Any CPU
		{20BF048F-5A75-4060-99CB-50A804364943}.Debug|Any CPU.ActiveCfg = Debug|Any CPU
		{20BF048F-5A75-4060-99CB-50A804364943}.Debug|Any CPU.Build.0 = Debug|Any CPU
		{20BF048F-5A75-4060-99CB-50A804364943}.Release|Any CPU.ActiveCfg = Release|Any CPU
		{20BF048F-5A75-4060-99CB-50A804364943}.Release|Any CPU.Build.0 = Release|Any CPU
	EndGlobalSection
	GlobalSection(SolutionProperties) = preSolution
		HideSolutionNode = FALSE
	EndGlobalSection
	GlobalSection(ExtensibilityGlobals) = postSolution
		SolutionGuid = {9D5C5004-0AD0-4EF5-8A46-7C4FE209D0E6}
	EndGlobalSection
EndGlobal
